
Microsoft Visual Studio Solution File, Format Version 12.00
# Visual Studio Version 17
VisualStudioVersion = 17.6.33712.159
MinimumVisualStudioVersion = 10.0.40219.1
Project("{6EC3EE1D-3C4E-46DD-8F32-0CC8E7565705}") = "WebSharper.JQuery", "WebSharper.JQuery\WebSharper.JQuery.fsproj", "{E02CD06F-242E-45A4-84D0-24E3E978EA12}"
EndProject
Project("{6EC3EE1D-3C4E-46DD-8F32-0CC8E7565705}") = "WebSharper.JQuery.RouterExtensions", "WebSharper.JQuery.RouterExtensions\WebSharper.JQuery.RouterExtensions.fsproj", "{B361C71E-5E2D-4732-A199-68164E9D5EB0}"
	ProjectSection(ProjectDependencies) = postProject
		{E02CD06F-242E-45A4-84D0-24E3E978EA12} = {E02CD06F-242E-45A4-84D0-24E3E978EA12}
	EndProjectSection
EndProject
Global
	GlobalSection(SolutionConfigurationPlatforms) = preSolution
		Debug|Any CPU = Debug|Any CPU
		Debug|x64 = Debug|x64
		Debug|x86 = Debug|x86
		Release|Any CPU = Release|Any CPU
		Release|x64 = Release|x64
		Release|x86 = Release|x86
	EndGlobalSection
	GlobalSection(ProjectConfigurationPlatforms) = postSolution
		{E02CD06F-242E-45A4-84D0-24E3E978EA12}.Debug|Any CPU.ActiveCfg = Debug|Any CPU
		{E02CD06F-242E-45A4-84D0-24E3E978EA12}.Debug|Any CPU.Build.0 = Debug|Any CPU
		{E02CD06F-242E-45A4-84D0-24E3E978EA12}.Debug|x64.ActiveCfg = Debug|Any CPU
		{E02CD06F-242E-45A4-84D0-24E3E978EA12}.Debug|x64.Build.0 = Debug|Any CPU
		{E02CD06F-242E-45A4-84D0-24E3E978EA12}.Debug|x86.ActiveCfg = Debug|Any CPU
		{E02CD06F-242E-45A4-84D0-24E3E978EA12}.Debug|x86.Build.0 = Debug|Any CPU
		{E02CD06F-242E-45A4-84D0-24E3E978EA12}.Release|Any CPU.ActiveCfg = Release|Any CPU
		{E02CD06F-242E-45A4-84D0-24E3E978EA12}.Release|Any CPU.Build.0 = Release|Any CPU
		{E02CD06F-242E-45A4-84D0-24E3E978EA12}.Release|x64.ActiveCfg = Release|Any CPU
		{E02CD06F-242E-45A4-84D0-24E3E978EA12}.Release|x64.Build.0 = Release|Any CPU
		{E02CD06F-242E-45A4-84D0-24E3E978EA12}.Release|x86.ActiveCfg = Release|Any CPU
		{E02CD06F-242E-45A4-84D0-24E3E978EA12}.Release|x86.Build.0 = Release|Any CPU
		{B361C71E-5E2D-4732-A199-68164E9D5EB0}.Debug|Any CPU.ActiveCfg = Debug|Any CPU
		{B361C71E-5E2D-4732-A199-68164E9D5EB0}.Debug|Any CPU.Build.0 = Debug|Any CPU
		{B361C71E-5E2D-4732-A199-68164E9D5EB0}.Debug|x64.ActiveCfg = Debug|Any CPU
		{B361C71E-5E2D-4732-A199-68164E9D5EB0}.Debug|x64.Build.0 = Debug|Any CPU
		{B361C71E-5E2D-4732-A199-68164E9D5EB0}.Debug|x86.ActiveCfg = Debug|Any CPU
		{B361C71E-5E2D-4732-A199-68164E9D5EB0}.Debug|x86.Build.0 = Debug|Any CPU
		{B361C71E-5E2D-4732-A199-68164E9D5EB0}.Release|Any CPU.ActiveCfg = Release|Any CPU
		{B361C71E-5E2D-4732-A199-68164E9D5EB0}.Release|Any CPU.Build.0 = Release|Any CPU
		{B361C71E-5E2D-4732-A199-68164E9D5EB0}.Release|x64.ActiveCfg = Release|Any CPU
		{B361C71E-5E2D-4732-A199-68164E9D5EB0}.Release|x64.Build.0 = Release|Any CPU
		{B361C71E-5E2D-4732-A199-68164E9D5EB0}.Release|x86.ActiveCfg = Release|Any CPU
		{B361C71E-5E2D-4732-A199-68164E9D5EB0}.Release|x86.Build.0 = Release|Any CPU
	EndGlobalSection
	GlobalSection(SolutionProperties) = preSolution
		HideSolutionNode = FALSE
	EndGlobalSection
	GlobalSection(ExtensibilityGlobals) = postSolution
		SolutionGuid = {E4D0CCE1-0D98-4DE3-9E26-275097EB7BDA}
	EndGlobalSection
EndGlobal
